
Microsoft Visual Studio Solution File, Format Version 12.00
Project("{FAE04EC0-301F-11D3-BF4B-00C04F79EFBC}") = "ConsoleClient", "ConsoleClient\ConsoleClient.csproj", "{5439A0FE-4E77-49D6-ABFB-5B7083C5B043}"
EndProject
Project("{FAE04EC0-301F-11D3-BF4B-00C04F79EFBC}") = "Sudoku", "Sudoku\Sudoku.csproj", "{92EE4E3E-9CFB-463B-8B17-677A39A32E16}"
EndProject
Global
	GlobalSection(SolutionConfigurationPlatforms) = preSolution
		Debug|Any CPU = Debug|Any CPU
		Release|Any CPU = Release|Any CPU
	EndGlobalSection
	GlobalSection(ProjectConfigurationPlatforms) = postSolution
		{5439A0FE-4E77-49D6-ABFB-5B7083C5B043}.Debug|Any CPU.ActiveCfg = Debug|Any CPU
		{5439A0FE-4E77-49D6-ABFB-5B7083C5B043}.Debug|Any CPU.Build.0 = Debug|Any CPU
		{5439A0FE-4E77-49D6-ABFB-5B7083C5B043}.Release|Any CPU.ActiveCfg = Release|Any CPU
		{5439A0FE-4E77-49D6-ABFB-5B7083C5B043}.Release|Any CPU.Build.0 = Release|Any CPU
		{92EE4E3E-9CFB-463B-8B17-677A39A32E16}.Debug|Any CPU.ActiveCfg = Debug|Any CPU
		{92EE4E3E-9CFB-463B-8B17-677A39A32E16}.Debug|Any CPU.Build.0 = Debug|Any CPU
		{92EE4E3E-9CFB-463B-8B17-677A39A32E16}.Release|Any CPU.ActiveCfg = Release|Any CPU
		{92EE4E3E-9CFB-463B-8B17-677A39A32E16}.Release|Any CPU.Build.0 = Release|Any CPU
	EndGlobalSection
EndGlobal
